
Microsoft Visual Studio Solution File, Format Version 12.00
# Visual Studio Version 17
VisualStudioVersion = 17.7.34003.232
MinimumVisualStudioVersion = 10.0.40219.1
Project("{54A90642-561A-4BB1-A94E-469ADEE60C69}") = "vueapp", "vueapp\vueapp.esproj", "{B8A5805B-F0BD-4558-8163-DD132F4F480A}"
EndProject
Project("{9A19103F-16F7-4668-BE54-9A1E7A4F7556}") = "webapi", "webapi\webapi.csproj", "{AB824EFD-DEFD-4D13-9B0E-9F07C55BBBA6}"
EndProject
Global
	GlobalSection(SolutionConfigurationPlatforms) = preSolution
		Debug|Any CPU = Debug|Any CPU
		Release|Any CPU = Release|Any CPU
	EndGlobalSection
	GlobalSection(ProjectConfigurationPlatforms) = postSolution
		{B8A5805B-F0BD-4558-8163-DD132F4F480A}.Debug|Any CPU.ActiveCfg = Debug|Any CPU
		{B8A5805B-F0BD-4558-8163-DD132F4F480A}.Debug|Any CPU.Build.0 = Debug|Any CPU
		{B8A5805B-F0BD-4558-8163-DD132F4F480A}.Debug|Any CPU.Deploy.0 = Debug|Any CPU
		{B8A5805B-F0BD-4558-8163-DD132F4F480A}.Release|Any CPU.ActiveCfg = Release|Any CPU
		{B8A5805B-F0BD-4558-8163-DD132F4F480A}.Release|Any CPU.Build.0 = Release|Any CPU
		{B8A5805B-F0BD-4558-8163-DD132F4F480A}.Release|Any CPU.Deploy.0 = Release|Any CPU
		{AB824EFD-DEFD-4D13-9B0E-9F07C55BBBA6}.Debug|Any CPU.ActiveCfg = Debug|Any CPU
		{AB824EFD-DEFD-4D13-9B0E-9F07C55BBBA6}.Debug|Any CPU.Build.0 = Debug|Any CPU
		{AB824EFD-DEFD-4D13-9B0E-9F07C55BBBA6}.Release|Any CPU.ActiveCfg = Release|Any CPU
		{AB824EFD-DEFD-4D13-9B0E-9F07C55BBBA6}.Release|Any CPU.Build.0 = Release|Any CPU
	EndGlobalSection
	GlobalSection(SolutionProperties) = preSolution
		HideSolutionNode = FALSE
	EndGlobalSection
	GlobalSection(ExtensibilityGlobals) = postSolution
		SolutionGuid = {6FDA39B3-8B3C-44EC-BDEE-8284132FBB8D}
	EndGlobalSection
EndGlobal
